
Microsoft Visual Studio Solution File, Format Version 12.00
# Visual Studio 2012
Project("{FAE04EC0-301F-11D3-BF4B-00C04F79EFBC}") = "XamarinFormsFacebook", "XamarinFormsFacebook\XamarinFormsFacebook.csproj", "{A6166473-2C74-42A5-B088-14A8E7A70744}"
EndProject
Project("{FAE04EC0-301F-11D3-BF4B-00C04F79EFBC}") = "XamarinFormsFacebook.iOS", "iOS\XamarinFormsFacebook.iOS.csproj", "{9488A139-3D31-4C22-BF8B-B81D900D8763}"
EndProject
Project("{FAE04EC0-301F-11D3-BF4B-00C04F79EFBC}") = "XamarinFormsFacebook.Droid", "Droid\XamarinFormsFacebook.Droid.csproj", "{56AF1385-6FCF-4BB9-94EC-A74D4AA7E31C}"
EndProject
Project("{D954291E-2A0B-460D-934E-DC6B0785DB48}") = "XamarinFormsFacebook.Shared", "XamarinFormsFacebook.Shared\XamarinFormsFacebook.Shared.shproj", "{01D51001-2116-4294-8C51-DDA6406663E7}"
EndProject
Global
	GlobalSection(SolutionConfigurationPlatforms) = preSolution
		Debug|Any CPU = Debug|Any CPU
		Release|Any CPU = Release|Any CPU
		Debug|iPhoneSimulator = Debug|iPhoneSimulator
		Release|iPhone = Release|iPhone
		Release|iPhoneSimulator = Release|iPhoneSimulator
		Debug|iPhone = Debug|iPhone
	EndGlobalSection
	GlobalSection(ProjectConfigurationPlatforms) = postSolution
		{A6166473-2C74-42A5-B088-14A8E7A70744}.Debug|Any CPU.ActiveCfg = Debug|Any CPU
		{A6166473-2C74-42A5-B088-14A8E7A70744}.Debug|Any CPU.Build.0 = Debug|Any CPU
		{A6166473-2C74-42A5-B088-14A8E7A70744}.Release|Any CPU.ActiveCfg = Release|Any CPU
		{A6166473-2C74-42A5-B088-14A8E7A70744}.Release|Any CPU.Build.0 = Release|Any CPU
		{A6166473-2C74-42A5-B088-14A8E7A70744}.Debug|iPhoneSimulator.ActiveCfg = Debug|Any CPU
		{A6166473-2C74-42A5-B088-14A8E7A70744}.Debug|iPhoneSimulator.Build.0 = Debug|Any CPU
		{A6166473-2C74-42A5-B088-14A8E7A70744}.Release|iPhone.ActiveCfg = Release|Any CPU
		{A6166473-2C74-42A5-B088-14A8E7A70744}.Release|iPhone.Build.0 = Release|Any CPU
		{A6166473-2C74-42A5-B088-14A8E7A70744}.Release|iPhoneSimulator.ActiveCfg = Release|Any CPU
		{A6166473-2C74-42A5-B088-14A8E7A70744}.Release|iPhoneSimulator.Build.0 = Release|Any CPU
		{A6166473-2C74-42A5-B088-14A8E7A70744}.Debug|iPhone.ActiveCfg = Debug|Any CPU
		{A6166473-2C74-42A5-B088-14A8E7A70744}.Debug|iPhone.Build.0 = Debug|Any CPU
		{9488A139-3D31-4C22-BF8B-B81D900D8763}.Debug|Any CPU.ActiveCfg = Debug|iPhoneSimulator
		{9488A139-3D31-4C22-BF8B-B81D900D8763}.Debug|Any CPU.Build.0 = Debug|iPhoneSimulator
		{9488A139-3D31-4C22-BF8B-B81D900D8763}.Release|Any CPU.ActiveCfg = Release|iPhone
		{9488A139-3D31-4C22-BF8B-B81D900D8763}.Release|Any CPU.Build.0 = Release|iPhone
		{9488A139-3D31-4C22-BF8B-B81D900D8763}.Debug|iPhoneSimulator.ActiveCfg = Debug|iPhoneSimulator
		{9488A139-3D31-4C22-BF8B-B81D900D8763}.Debug|iPhoneSimulator.Build.0 = Debug|iPhoneSimulator
		{9488A139-3D31-4C22-BF8B-B81D900D8763}.Release|iPhone.ActiveCfg = Release|iPhone
		{9488A139-3D31-4C22-BF8B-B81D900D8763}.Release|iPhone.Build.0 = Release|iPhone
		{9488A139-3D31-4C22-BF8B-B81D900D8763}.Release|iPhoneSimulator.ActiveCfg = Release|iPhoneSimulator
		{9488A139-3D31-4C22-BF8B-B81D900D8763}.Release|iPhoneSimulator.Build.0 = Release|iPhoneSimulator
		{9488A139-3D31-4C22-BF8B-B81D900D8763}.Debug|iPhone.ActiveCfg = Debug|iPhone
		{9488A139-3D31-4C22-BF8B-B81D900D8763}.Debug|iPhone.Build.0 = Debug|iPhone
		{56AF1385-6FCF-4BB9-94EC-A74D4AA7E31C}.Debug|Any CPU.ActiveCfg = Debug|Any CPU
		{56AF1385-6FCF-4BB9-94EC-A74D4AA7E31C}.Debug|Any CPU.Build.0 = Debug|Any CPU
		{56AF1385-6FCF-4BB9-94EC-A74D4AA7E31C}.Release|Any CPU.ActiveCfg = Release|Any CPU
		{56AF1385-6FCF-4BB9-94EC-A74D4AA7E31C}.Release|Any CPU.Build.0 = Release|Any CPU
		{56AF1385-6FCF-4BB9-94EC-A74D4AA7E31C}.Debug|iPhoneSimulator.ActiveCfg = Debug|Any CPU
		{56AF1385-6FCF-4BB9-94EC-A74D4AA7E31C}.Debug|iPhoneSimulator.Build.0 = Debug|Any CPU
		{56AF1385-6FCF-4BB9-94EC-A74D4AA7E31C}.Release|iPhone.ActiveCfg = Release|Any CPU
		{56AF1385-6FCF-4BB9-94EC-A74D4AA7E31C}.Release|iPhone.Build.0 = Release|Any CPU
		{56AF1385-6FCF-4BB9-94EC-A74D4AA7E31C}.Release|iPhoneSimulator.ActiveCfg = Release|Any CPU
		{56AF1385-6FCF-4BB9-94EC-A74D4AA7E31C}.Release|iPhoneSimulator.Build.0 = Release|Any CPU
		{56AF1385-6FCF-4BB9-94EC-A74D4AA7E31C}.Debug|iPhone.ActiveCfg = Debug|Any CPU
		{56AF1385-6FCF-4BB9-94EC-A74D4AA7E31C}.Debug|iPhone.Build.0 = Debug|Any CPU
	EndGlobalSection
EndGlobal
